<?xml version="1.0" encoding="utf-8"?>
<Project ToolsVersion="4.0" xmlns="http://schemas.microsoft.com/developer/msbuild/2003">
  <ItemGroup>
    <Filter Include="소스 파일">
      <UniqueIdentifier>{4FC737F1-C7A5-4376-A066-2A32D752A2FF}</UniqueIdentifier>
      <Extensions>cpp;c;cc;cxx;c++;cppm;ixx;def;odl;idl;hpj;bat;asm;asmx</Extensions>
    </Filter>
    <Filter Include="헤더 파일">
      <UniqueIdentifier>{93995380-89BD-4b04-88EB-625FBE52EBFB}</UniqueIdentifier>
      <Extensions>h;hh;hpp;hxx;h++;hm;inl;inc;ipp;xsd</Extensions>
    </Filter>
    <Filter Include="리소스 파일">
      <UniqueIdentifier>{67DA6AB6-F800-4c08-8B7A-83BB121AAD01}</UniqueIdentifier>
      <Extensions>rc;ico;cur;bmp;dlg;rc2;rct;bin;rgs;gif;jpg;jpeg;jpe;resx;tiff;tif;png;wav;mfcribbon-ms</Extensions>
    </Filter>
    <Filter Include="01. SceneMode">
      <UniqueIdentifier>{08f6a8fe-7247-4566-ab08-731047988b40}</UniqueIdentifier>
    </Filter>
    <Filter Include="02. Object">
      <UniqueIdentifier>{218ff1ce-6222-432f-84b8-207c4ba77cb1}</UniqueIdentifier>
    </Filter>
    <Filter Include="02. Object\01. Player">
      <UniqueIdentifier>{d12d3136-29ab-4a70-b7fb-250eaf30a6fb}</UniqueIdentifier>
    </Filter>
    <Filter Include="02. Object\02. Arrow">
      <UniqueIdentifier>{5e8705bc-f3c7-4bde-9f10-6fa6f27ef3df}</UniqueIdentifier>
    </Filter>
    <Filter Include="02. Object\03. Effect">
      <UniqueIdentifier>{776cb84f-3fa6-42cf-a39f-4f1eaf804211}</UniqueIdentifier>
    </Filter>
    <Filter Include="02. Object\03. Effect\01. PlayerEffect">
      <UniqueIdentifier>{023690ba-23f6-4ac1-9a0d-02e463a7df8f}</UniqueIdentifier>
    </Filter>
    <Filter Include="02. Object\04. Monster">
      <UniqueIdentifier>{523790ee-a74e-42b1-b50d-ff932ec1e7e1}</UniqueIdentifier>
    </Filter>
    <Filter Include="02. Object\05. Bullet">
      <UniqueIdentifier>{a948177d-8b66-4cec-a0c8-c31a7e4c129d}</UniqueIdentifier>
    </Filter>
    <Filter Include="02. Object\06. Test">
      <UniqueIdentifier>{cb20ad5b-72fa-4fe3-b368-37aa047dec27}</UniqueIdentifier>
    </Filter>
    <Filter Include="03. UI">
      <UniqueIdentifier>{1061491c-3584-4fdd-8ad7-25e4a4757c49}</UniqueIdentifier>
    </Filter>
    <Filter Include="02. Object\07. Stage">
      <UniqueIdentifier>{4e0197bf-f8eb-468a-b329-c4b59abe38bc}</UniqueIdentifier>
    </Filter>
    <Filter Include="04. Component">
      <UniqueIdentifier>{384b3b05-e324-49d3-98da-44585b1ccdc9}</UniqueIdentifier>
    </Filter>
    <Filter Include="03. UI\01. Mouse">
      <UniqueIdentifier>{9392cebc-a8fa-4c1f-9edb-79168675fd4a}</UniqueIdentifier>
    </Filter>
    <Filter Include="03. UI\02. InGame">
      <UniqueIdentifier>{04c92948-1c5e-403b-81ef-117d6ffe79b4}</UniqueIdentifier>
    </Filter>
    <Filter Include="03. UI\03. CharacterSelect">
      <UniqueIdentifier>{b8fe93db-2e3b-4578-a9dc-13aa35424010}</UniqueIdentifier>
    </Filter>
    <Filter Include="02. Object\09. Particle">
      <UniqueIdentifier>{5cdbcfc1-d09e-496e-a27c-6a565ca05f73}</UniqueIdentifier>
    </Filter>
    <Filter Include="02. Object\08. MapObject">
      <UniqueIdentifier>{d47bbbee-e3d4-40d7-a108-8ca61c2604b0}</UniqueIdentifier>
    </Filter>
    <Filter Include="02. Object\08. MapObject\01. Lobby">
      <UniqueIdentifier>{0d994efc-f2a6-4301-8396-317fd1f7bf7a}</UniqueIdentifier>
    </Filter>
    <Filter Include="02. Object\04. Monster\01. Object">
      <UniqueIdentifier>{a76f0114-44ad-4189-a5e2-11b4b377615d}</UniqueIdentifier>
    </Filter>
    <Filter Include="02. Object\04. Monster\02. Animation">
      <UniqueIdentifier>{b6ca54af-6da5-442a-83e5-b9ff3c74e405}</UniqueIdentifier>
    </Filter>
    <Filter Include="02. Object\03. Effect\02. HitEffect">
      <UniqueIdentifier>{cd9eac02-7df6-4dd2-9aa3-b0085f5a74f4}</UniqueIdentifier>
    </Filter>
  </ItemGroup>
  <ItemGroup>
    <ClCompile Include="main.cpp">
      <Filter>소스 파일</Filter>
    </ClCompile>
    <ClCompile Include="Scene\MainScene.cpp">
      <Filter>01. SceneMode</Filter>
    </ClCompile>
    <ClCompile Include="Object\Player2D.cpp">
      <Filter>02. Object\01. Player</Filter>
    </ClCompile>
    <ClCompile Include="Object\BulletTornaido.cpp">
      <Filter>02. Object\02. Arrow</Filter>
    </ClCompile>
    <ClCompile Include="ClientManager.cpp">
      <Filter>소스 파일</Filter>
    </ClCompile>
    <ClCompile Include="Object\PlayerAnimation2D.cpp">
      <Filter>02. Object\01. Player</Filter>
    </ClCompile>
    <ClCompile Include="Object\SylphideLancerArrow.cpp">
      <Filter>02. Object\02. Arrow</Filter>
    </ClCompile>
    <ClCompile Include="Object\SylphideLancerArrowAnimation2D.cpp">
      <Filter>02. Object\02. Arrow</Filter>
    </ClCompile>
    <ClCompile Include="Object\SylphideLancerEffectAnimation2D.cpp">
      <Filter>02. Object\03. Effect\01. PlayerEffect</Filter>
    </ClCompile>
    <ClCompile Include="Object\PlayerSkillBodyEffect.cpp">
      <Filter>02. Object\03. Effect\01. PlayerEffect</Filter>
    </ClCompile>
    <ClCompile Include="Object\BulletCamera.cpp">
      <Filter>02. Object\05. Bullet</Filter>
    </ClCompile>
    <ClCompile Include="Object\Bullet.cpp">
      <Filter>02. Object\05. Bullet</Filter>
    </ClCompile>
    <ClCompile Include="Object\PixelTest.cpp">
      <Filter>02. Object\06. Test</Filter>
    </ClCompile>
    <ClCompile Include="Widget\MainWidget.cpp">
      <Filter>03. UI</Filter>
    </ClCompile>
    <ClCompile Include="Object\Stage.cpp">
      <Filter>02. Object\07. Stage</Filter>
    </ClCompile>
    <ClCompile Include="Object\StaticMapObj.cpp">
      <Filter>02. Object\08. MapObject</Filter>
    </ClCompile>
    <ClCompile Include="Component\DragCollider.cpp">
      <Filter>04. Component</Filter>
    </ClCompile>
    <ClCompile Include="Widget\SimpleHUD.cpp">
      <Filter>03. UI</Filter>
    </ClCompile>
    <ClCompile Include="Object\Portal.cpp">
      <Filter>02. Object\08. MapObject</Filter>
    </ClCompile>
    <ClCompile Include="Widget\MouseNormal.cpp">
      <Filter>03. UI\01. Mouse</Filter>
    </ClCompile>
    <ClCompile Include="Widget\MouseAttack.cpp">
      <Filter>03. UI\01. Mouse</Filter>
    </ClCompile>
    <ClCompile Include="Widget\MouseCatch.cpp">
      <Filter>03. UI\01. Mouse</Filter>
    </ClCompile>
    <ClCompile Include="Widget\CharacterStatusWindow.cpp">
      <Filter>03. UI\02. InGame</Filter>
    </ClCompile>
    <ClCompile Include="Widget\CharacterEXP.cpp">
      <Filter>03. UI\02. InGame</Filter>
    </ClCompile>
    <ClCompile Include="Scene\StartScene.cpp">
      <Filter>01. SceneMode</Filter>
    </ClCompile>
    <ClCompile Include="Widget\LoadingWidget.cpp">
      <Filter>03. UI</Filter>
    </ClCompile>
    <ClCompile Include="Scene\LoadingScene.cpp">
      <Filter>01. SceneMode</Filter>
    </ClCompile>
    <ClCompile Include="Scene\LoadingThread.cpp">
      <Filter>01. SceneMode</Filter>
    </ClCompile>
    <ClCompile Include="Widget\Inventory.cpp">
      <Filter>03. UI\02. InGame</Filter>
    </ClCompile>
    <ClCompile Include="Widget\ConfigurationWindow.cpp">
      <Filter>03. UI\02. InGame</Filter>
    </ClCompile>
    <ClCompile Include="Widget\StartWidget.cpp">
      <Filter>03. UI\03. CharacterSelect</Filter>
    </ClCompile>
    <ClCompile Include="Widget\CharacterSelectInfoWidget.cpp">
      <Filter>03. UI\03. CharacterSelect</Filter>
    </ClCompile>
    <ClCompile Include="Object\BubbleParticle.cpp">
      <Filter>02. Object\09. Particle</Filter>
    </ClCompile>
    <ClCompile Include="Object\BlinkTree.cpp">
      <Filter>02. Object\08. MapObject</Filter>
    </ClCompile>
    <ClCompile Include="Object\Butterfly.cpp">
      <Filter>02. Object\08. MapObject</Filter>
    </ClCompile>
    <ClCompile Include="Object\DoubleHelixBlinkTree.cpp">
      <Filter>02. Object\08. MapObject</Filter>
    </ClCompile>
    <ClCompile Include="Object\LampLight.cpp">
      <Filter>02. Object\08. MapObject</Filter>
    </ClCompile>
    <ClCompile Include="Widget\SkillQuickSlotWindow.cpp">
      <Filter>03. UI\02. InGame</Filter>
    </ClCompile>
    <ClCompile Include="Widget\MouseClick.cpp">
      <Filter>03. UI\01. Mouse</Filter>
    </ClCompile>
    <ClCompile Include="Scene\LobbyScene.cpp">
      <Filter>01. SceneMode</Filter>
    </ClCompile>
    <ClCompile Include="Object\LobbyBigLamp.cpp">
      <Filter>02. Object\08. MapObject\01. Lobby</Filter>
    </ClCompile>
    <ClCompile Include="Object\LobbySmallLamp.cpp">
      <Filter>02. Object\08. MapObject\01. Lobby</Filter>
    </ClCompile>
    <ClCompile Include="Scene\OnionScene.cpp">
      <Filter>01. SceneMode</Filter>
    </ClCompile>
    <ClCompile Include="Object\SmokeParticle.cpp">
      <Filter>02. Object\09. Particle</Filter>
    </ClCompile>
    <ClCompile Include="Object\SparkParticle.cpp">
      <Filter>02. Object\09. Particle</Filter>
    </ClCompile>
    <ClCompile Include="Object\RainParticle.cpp">
      <Filter>02. Object\09. Particle</Filter>
    </ClCompile>
    <ClCompile Include="Object\Monster.cpp">
      <Filter>02. Object\04. Monster\01. Object</Filter>
    </ClCompile>
    <ClCompile Include="Object\OnionMonster.cpp">
      <Filter>02. Object\04. Monster\01. Object</Filter>
    </ClCompile>
    <ClCompile Include="Object\MonsterAnimation.cpp">
      <Filter>02. Object\04. Monster\02. Animation</Filter>
    </ClCompile>
    <ClCompile Include="Object\OnionMonsterAnimation.cpp">
      <Filter>02. Object\04. Monster\02. Animation</Filter>
    </ClCompile>
    <ClCompile Include="Object\SylphideLancer.cpp">
      <Filter>02. Object\05. Bullet</Filter>
    </ClCompile>
    <ClCompile Include="Widget\DamageFont.cpp">
      <Filter>03. UI</Filter>
    </ClCompile>
    <ClCompile Include="Object\SylphideLancerHitEffect.cpp">
      <Filter>02. Object\03. Effect\02. HitEffect</Filter>
    </ClCompile>
  </ItemGroup>
  <ItemGroup>
    <ClInclude Include="resource.h">
      <Filter>헤더 파일</Filter>
    </ClInclude>
    <ClInclude Include="Scene\MainScene.h">
      <Filter>01. SceneMode</Filter>
    </ClInclude>
    <ClInclude Include="Object\Player2D.h">
      <Filter>02. Object\01. Player</Filter>
    </ClInclude>
    <ClInclude Include="Object\BulletTornaido.h">
      <Filter>02. Object\02. Arrow</Filter>
    </ClInclude>
    <ClInclude Include="ClientManager.h">
      <Filter>헤더 파일</Filter>
    </ClInclude>
    <ClInclude Include="Object\PlayerAnimation2D.h">
      <Filter>02. Object\01. Player</Filter>
    </ClInclude>
    <ClInclude Include="Object\SylphideLancerArrow.h">
      <Filter>02. Object\02. Arrow</Filter>
    </ClInclude>
    <ClInclude Include="Object\SylphideLancerArrowAnimation2D.h">
      <Filter>02. Object\02. Arrow</Filter>
    </ClInclude>
    <ClInclude Include="Object\SylphideLancerEffectAnimation2D.h">
      <Filter>02. Object\03. Effect\01. PlayerEffect</Filter>
    </ClInclude>
    <ClInclude Include="Object\PlayerSkillBodyEffect.h">
      <Filter>02. Object\03. Effect\01. PlayerEffect</Filter>
    </ClInclude>
    <ClInclude Include="Object\BulletCamera.h">
      <Filter>02. Object\05. Bullet</Filter>
    </ClInclude>
    <ClInclude Include="Object\Bullet.h">
      <Filter>02. Object\05. Bullet</Filter>
    </ClInclude>
    <ClInclude Include="Object\PixelTest.h">
      <Filter>02. Object\06. Test</Filter>
    </ClInclude>
    <ClInclude Include="Widget\MainWidget.h">
      <Filter>03. UI</Filter>
    </ClInclude>
    <ClInclude Include="Object\Stage.h">
      <Filter>02. Object\07. Stage</Filter>
    </ClInclude>
    <ClInclude Include="Object\StaticMapObj.h">
      <Filter>02. Object\08. MapObject</Filter>
    </ClInclude>
    <ClInclude Include="Component\DragCollider.h">
      <Filter>04. Component</Filter>
    </ClInclude>
    <ClInclude Include="Widget\SimpleHUD.h">
      <Filter>03. UI</Filter>
    </ClInclude>
    <ClInclude Include="Object\Portal.h">
      <Filter>02. Object\08. MapObject</Filter>
    </ClInclude>
    <ClInclude Include="Widget\MouseNormal.h">
      <Filter>03. UI\01. Mouse</Filter>
    </ClInclude>
    <ClInclude Include="Widget\MouseAttack.h">
      <Filter>03. UI\01. Mouse</Filter>
    </ClInclude>
    <ClInclude Include="Widget\MouseCatch.h">
      <Filter>03. UI\01. Mouse</Filter>
    </ClInclude>
    <ClInclude Include="Widget\CharacterStatusWindow.h">
      <Filter>03. UI\02. InGame</Filter>
    </ClInclude>
    <ClInclude Include="Widget\CharacterEXP.h">
      <Filter>03. UI\02. InGame</Filter>
    </ClInclude>
    <ClInclude Include="Scene\StartScene.h">
      <Filter>01. SceneMode</Filter>
    </ClInclude>
    <ClInclude Include="Widget\LoadingWidget.h">
      <Filter>03. UI</Filter>
    </ClInclude>
    <ClInclude Include="Scene\LoadingScene.h">
      <Filter>01. SceneMode</Filter>
    </ClInclude>
    <ClInclude Include="Scene\LoadingThread.h">
      <Filter>01. SceneMode</Filter>
    </ClInclude>
    <ClInclude Include="Client.h">
      <Filter>헤더 파일</Filter>
    </ClInclude>
    <ClInclude Include="Widget\Inventory.h">
      <Filter>03. UI\02. InGame</Filter>
    </ClInclude>
    <ClInclude Include="Widget\ConfigurationWindow.h">
      <Filter>03. UI\02. InGame</Filter>
    </ClInclude>
    <ClInclude Include="Widget\StartWidget.h">
      <Filter>03. UI\03. CharacterSelect</Filter>
    </ClInclude>
    <ClInclude Include="Widget\CharacterSelectInfoWidget.h">
      <Filter>03. UI\03. CharacterSelect</Filter>
    </ClInclude>
    <ClInclude Include="Object\BubbleParticle.h">
      <Filter>02. Object\09. Particle</Filter>
    </ClInclude>
    <ClInclude Include="Object\BlinkTree.h">
      <Filter>02. Object\08. MapObject</Filter>
    </ClInclude>
    <ClInclude Include="Object\Butterfly.h">
      <Filter>02. Object\08. MapObject</Filter>
    </ClInclude>
    <ClInclude Include="Object\DoubleHelixBlinkTree.h">
      <Filter>02. Object\08. MapObject</Filter>
    </ClInclude>
    <ClInclude Include="Object\LampLight.h">
      <Filter>02. Object\08. MapObject</Filter>
    </ClInclude>
    <ClInclude Include="Widget\SkillQuickSlotWindow.h">
      <Filter>03. UI\02. InGame</Filter>
    </ClInclude>
    <ClInclude Include="Widget\MouseClick.h">
      <Filter>03. UI\01. Mouse</Filter>
    </ClInclude>
    <ClInclude Include="Scene\LobbyScene.h">
      <Filter>01. SceneMode</Filter>
    </ClInclude>
    <ClInclude Include="Object\LobbyBigLamp.h">
      <Filter>02. Object\08. MapObject\01. Lobby</Filter>
    </ClInclude>
    <ClInclude Include="Object\LobbySmallLamp.h">
      <Filter>02. Object\08. MapObject\01. Lobby</Filter>
    </ClInclude>
    <ClInclude Include="Scene\OnionScene.h">
      <Filter>01. SceneMode</Filter>
    </ClInclude>
    <ClInclude Include="Object\SmokeParticle.h">
      <Filter>02. Object\09. Particle</Filter>
    </ClInclude>
    <ClInclude Include="Object\SparkParticle.h">
      <Filter>02. Object\09. Particle</Filter>
    </ClInclude>
    <ClInclude Include="Object\RainParticle.h">
      <Filter>02. Object\09. Particle</Filter>
    </ClInclude>
    <ClInclude Include="Object\Monster.h">
      <Filter>02. Object\04. Monster\01. Object</Filter>
    </ClInclude>
    <ClInclude Include="Object\OnionMonster.h">
      <Filter>02. Object\04. Monster\01. Object</Filter>
    </ClInclude>
    <ClInclude Include="Object\MonsterAnimation.h">
      <Filter>02. Object\04. Monster\02. Animation</Filter>
    </ClInclude>
    <ClInclude Include="Object\OnionMonsterAnimation.h">
      <Filter>02. Object\04. Monster\02. Animation</Filter>
    </ClInclude>
    <ClInclude Include="Object\SylphideLancer.h">
      <Filter>02. Object\05. Bullet</Filter>
    </ClInclude>
    <ClInclude Include="Widget\DamageFont.h">
      <Filter>03. UI</Filter>
    </ClInclude>
    <ClInclude Include="Object\SylphideLancerHitEffect.h">
      <Filter>02. Object\03. Effect\02. HitEffect</Filter>
    </ClInclude>
  </ItemGroup>
  <ItemGroup>
    <Image Include="icon1.ico">
      <Filter>리소스 파일</Filter>
    </Image>
  </ItemGroup>
  <ItemGroup>
    <ResourceCompile Include="MapleStoryClient2D.rc">
      <Filter>리소스 파일</Filter>
    </ResourceCompile>
  </ItemGroup>
</Project>