<?xml version="1.0" encoding="utf-8"?>
<Project ToolsVersion="4.0" xmlns="http://schemas.microsoft.com/developer/msbuild/2003">
  <ItemGroup>
    <Filter Include="소스 파일">
      <UniqueIdentifier>{4FC737F1-C7A5-4376-A066-2A32D752A2FF}</UniqueIdentifier>
      <Extensions>cpp;c;cc;cxx;c++;cppm;ixx;def;odl;idl;hpj;bat;asm;asmx</Extensions>
    </Filter>
    <Filter Include="헤더 파일">
      <UniqueIdentifier>{93995380-89BD-4b04-88EB-625FBE52EBFB}</UniqueIdentifier>
      <Extensions>h;hh;hpp;hxx;h++;hm;inl;inc;ipp;xsd</Extensions>
    </Filter>
    <Filter Include="리소스 파일">
      <UniqueIdentifier>{67DA6AB6-F800-4c08-8B7A-83BB121AAD01}</UniqueIdentifier>
      <Extensions>rc;ico;cur;bmp;dlg;rc2;rct;bin;rgs;gif;jpg;jpeg;jpe;resx;tiff;tif;png;wav;mfcribbon-ms</Extensions>
    </Filter>
    <Filter Include="01. SceneMode">
      <UniqueIdentifier>{08f6a8fe-7247-4566-ab08-731047988b40}</UniqueIdentifier>
    </Filter>
    <Filter Include="02. Object">
      <UniqueIdentifier>{218ff1ce-6222-432f-84b8-207c4ba77cb1}</UniqueIdentifier>
    </Filter>
    <Filter Include="02. Object\01. Player">
      <UniqueIdentifier>{d12d3136-29ab-4a70-b7fb-250eaf30a6fb}</UniqueIdentifier>
    </Filter>
    <Filter Include="03. UI">
      <UniqueIdentifier>{1061491c-3584-4fdd-8ad7-25e4a4757c49}</UniqueIdentifier>
    </Filter>
    <Filter Include="04. Component">
      <UniqueIdentifier>{384b3b05-e324-49d3-98da-44585b1ccdc9}</UniqueIdentifier>
    </Filter>
    <Filter Include="03. UI\01. Mouse">
      <UniqueIdentifier>{9392cebc-a8fa-4c1f-9edb-79168675fd4a}</UniqueIdentifier>
    </Filter>
    <Filter Include="03. UI\02. InGame">
      <UniqueIdentifier>{04c92948-1c5e-403b-81ef-117d6ffe79b4}</UniqueIdentifier>
    </Filter>
    <Filter Include="03. UI\03. CharacterSelect">
      <UniqueIdentifier>{b8fe93db-2e3b-4578-a9dc-13aa35424010}</UniqueIdentifier>
    </Filter>
    <Filter Include="05. Animation">
      <UniqueIdentifier>{8408c5df-c393-46be-99ff-24ad14fd0feb}</UniqueIdentifier>
    </Filter>
    <Filter Include="05. Animation\01. Player">
      <UniqueIdentifier>{e497a089-2884-4e0f-9bb4-d9459ef49ed0}</UniqueIdentifier>
    </Filter>
    <Filter Include="05. Animation\02. Monster">
      <UniqueIdentifier>{f89d0bb0-4297-4814-aa3a-a651883c8e5b}</UniqueIdentifier>
    </Filter>
    <Filter Include="02. Object\02. Monster">
      <UniqueIdentifier>{523790ee-a74e-42b1-b50d-ff932ec1e7e1}</UniqueIdentifier>
    </Filter>
    <Filter Include="02. Object\03. Bullet">
      <UniqueIdentifier>{a948177d-8b66-4cec-a0c8-c31a7e4c129d}</UniqueIdentifier>
    </Filter>
    <Filter Include="02. Object\04. Stage">
      <UniqueIdentifier>{4e0197bf-f8eb-468a-b329-c4b59abe38bc}</UniqueIdentifier>
    </Filter>
    <Filter Include="02. Object\05. MapObject">
      <UniqueIdentifier>{d47bbbee-e3d4-40d7-a108-8ca61c2604b0}</UniqueIdentifier>
    </Filter>
    <Filter Include="02. Object\05. MapObject\01. Lobby">
      <UniqueIdentifier>{0d994efc-f2a6-4301-8396-317fd1f7bf7a}</UniqueIdentifier>
    </Filter>
    <Filter Include="02. Object\05. MapObject\03. Library2nd">
      <UniqueIdentifier>{e2904190-ea5a-4735-80f6-bd1f9632b914}</UniqueIdentifier>
    </Filter>
    <Filter Include="02. Object\06. TileMap">
      <UniqueIdentifier>{3b5610dd-474e-458e-bffa-058735a53aaf}</UniqueIdentifier>
    </Filter>
    <Filter Include="02. Object\07. NPC">
      <UniqueIdentifier>{6af69697-fd2d-4c14-9ae8-5cf8fec037c8}</UniqueIdentifier>
    </Filter>
    <Filter Include="02. Object\05. MapObject\04. ZakumAltar">
      <UniqueIdentifier>{763648b8-df5b-4312-9e9e-30b16939fea3}</UniqueIdentifier>
    </Filter>
    <Filter Include="02. Object\05. MapObject\02. WayToZakum">
      <UniqueIdentifier>{5ce0a072-d003-4d25-9b3f-9f51608998a3}</UniqueIdentifier>
    </Filter>
    <Filter Include="02. Object\08. DropItem">
      <UniqueIdentifier>{d4054e55-79ba-4925-b78a-8fdfa730744d}</UniqueIdentifier>
    </Filter>
  </ItemGroup>
  <ItemGroup>
    <ClCompile Include="main.cpp">
      <Filter>소스 파일</Filter>
    </ClCompile>
    <ClCompile Include="Object\Player2D.cpp">
      <Filter>02. Object\01. Player</Filter>
    </ClCompile>
    <ClCompile Include="ClientManager.cpp">
      <Filter>소스 파일</Filter>
    </ClCompile>
    <ClCompile Include="Object\Stage.cpp">
      <Filter>02. Object\04. Stage</Filter>
    </ClCompile>
    <ClCompile Include="Object\StaticMapObj.cpp">
      <Filter>02. Object\05. MapObject</Filter>
    </ClCompile>
    <ClCompile Include="Component\DragCollider.cpp">
      <Filter>04. Component</Filter>
    </ClCompile>
    <ClCompile Include="Object\Portal.cpp">
      <Filter>02. Object\05. MapObject</Filter>
    </ClCompile>
    <ClCompile Include="Widget\MouseNormal.cpp">
      <Filter>03. UI\01. Mouse</Filter>
    </ClCompile>
    <ClCompile Include="Widget\MouseCatch.cpp">
      <Filter>03. UI\01. Mouse</Filter>
    </ClCompile>
    <ClCompile Include="Widget\CharacterStatusWindow.cpp">
      <Filter>03. UI\02. InGame</Filter>
    </ClCompile>
    <ClCompile Include="Widget\CharacterEXP.cpp">
      <Filter>03. UI\02. InGame</Filter>
    </ClCompile>
    <ClCompile Include="Scene\StartScene.cpp">
      <Filter>01. SceneMode</Filter>
    </ClCompile>
    <ClCompile Include="Scene\LoadingThread.cpp">
      <Filter>01. SceneMode</Filter>
    </ClCompile>
    <ClCompile Include="Widget\Inventory.cpp">
      <Filter>03. UI\02. InGame</Filter>
    </ClCompile>
    <ClCompile Include="Widget\ConfigurationWindow.cpp">
      <Filter>03. UI\02. InGame</Filter>
    </ClCompile>
    <ClCompile Include="Widget\StartWidget.cpp">
      <Filter>03. UI\03. CharacterSelect</Filter>
    </ClCompile>
    <ClCompile Include="Widget\CharacterSelectInfoWidget.cpp">
      <Filter>03. UI\03. CharacterSelect</Filter>
    </ClCompile>
    <ClCompile Include="Object\BlinkTree.cpp">
      <Filter>02. Object\05. MapObject</Filter>
    </ClCompile>
    <ClCompile Include="Object\Butterfly.cpp">
      <Filter>02. Object\05. MapObject</Filter>
    </ClCompile>
    <ClCompile Include="Object\DoubleHelixBlinkTree.cpp">
      <Filter>02. Object\05. MapObject</Filter>
    </ClCompile>
    <ClCompile Include="Object\LampLight.cpp">
      <Filter>02. Object\05. MapObject</Filter>
    </ClCompile>
    <ClCompile Include="Widget\SkillQuickSlotWindow.cpp">
      <Filter>03. UI\02. InGame</Filter>
    </ClCompile>
    <ClCompile Include="Widget\MouseClick.cpp">
      <Filter>03. UI\01. Mouse</Filter>
    </ClCompile>
    <ClCompile Include="Scene\LobbyScene.cpp">
      <Filter>01. SceneMode</Filter>
    </ClCompile>
    <ClCompile Include="Object\LobbyBigLamp.cpp">
      <Filter>02. Object\05. MapObject\01. Lobby</Filter>
    </ClCompile>
    <ClCompile Include="Object\LobbySmallLamp.cpp">
      <Filter>02. Object\05. MapObject\01. Lobby</Filter>
    </ClCompile>
    <ClCompile Include="Scene\OnionScene.cpp">
      <Filter>01. SceneMode</Filter>
    </ClCompile>
    <ClCompile Include="Object\SylphideLancer.cpp">
      <Filter>02. Object\03. Bullet</Filter>
    </ClCompile>
    <ClCompile Include="Widget\DamageFont.cpp">
      <Filter>03. UI</Filter>
    </ClCompile>
    <ClCompile Include="Widget\BossMatching.cpp">
      <Filter>03. UI\02. InGame</Filter>
    </ClCompile>
    <ClCompile Include="Scene\WayToZakumScene.cpp">
      <Filter>01. SceneMode</Filter>
    </ClCompile>
    <ClCompile Include="Object\FlowingVolcano.cpp">
      <Filter>02. Object\05. MapObject\02. WayToZakum</Filter>
    </ClCompile>
    <ClCompile Include="Object\VoidPressure.cpp">
      <Filter>02. Object\03. Bullet</Filter>
    </ClCompile>
    <ClCompile Include="Object\VoidPressureOrb.cpp">
      <Filter>02. Object\03. Bullet</Filter>
    </ClCompile>
    <ClCompile Include="Object\PlayerAnimation2D.cpp">
      <Filter>05. Animation\01. Player</Filter>
    </ClCompile>
    <ClCompile Include="Animation\PlayerOrb.cpp">
      <Filter>05. Animation\01. Player</Filter>
    </ClCompile>
    <ClCompile Include="Animation\PlayerSkillBodyEffect.cpp">
      <Filter>05. Animation\01. Player</Filter>
    </ClCompile>
    <ClCompile Include="Animation\SylphideLancerMirrorAnimation.cpp">
      <Filter>05. Animation\01. Player</Filter>
    </ClCompile>
    <ClCompile Include="Animation\VoidPressureAttackSphere.cpp">
      <Filter>05. Animation\01. Player</Filter>
    </ClCompile>
    <ClCompile Include="Animation\VoidPressureOrbAnimation.cpp">
      <Filter>05. Animation\01. Player</Filter>
    </ClCompile>
    <ClCompile Include="Object\VoidPressureHitEffect.cpp">
      <Filter>02. Object</Filter>
    </ClCompile>
    <ClCompile Include="Object\SylphideLancerHitEffect.cpp">
      <Filter>02. Object</Filter>
    </ClCompile>
    <ClCompile Include="Object\PlayerSkillInfo.cpp">
      <Filter>02. Object</Filter>
    </ClCompile>
    <ClCompile Include="Object\VerticalLampLight.cpp">
      <Filter>02. Object\05. MapObject\03. Library2nd</Filter>
    </ClCompile>
    <ClCompile Include="Scene\Library2ndScene.cpp">
      <Filter>01. SceneMode</Filter>
    </ClCompile>
    <ClCompile Include="Animation\OnionMonsterAnimation.cpp">
      <Filter>05. Animation\02. Monster</Filter>
    </ClCompile>
    <ClCompile Include="Object\TileObject.cpp">
      <Filter>02. Object\06. TileMap</Filter>
    </ClCompile>
    <ClCompile Include="Widget\PlayerDamageFont.cpp">
      <Filter>03. UI</Filter>
    </ClCompile>
    <ClCompile Include="Object\LopeTileObject.cpp">
      <Filter>02. Object\06. TileMap</Filter>
    </ClCompile>
    <ClCompile Include="Animation\LowerClassBookAnimation.cpp">
      <Filter>05. Animation\02. Monster</Filter>
    </ClCompile>
    <ClCompile Include="Animation\RadishMonsterAnimation.cpp">
      <Filter>05. Animation\02. Monster</Filter>
    </ClCompile>
    <ClCompile Include="Scene\RadishScene.cpp">
      <Filter>01. SceneMode</Filter>
    </ClCompile>
    <ClCompile Include="Object\SingleHelixBlinkTree.cpp">
      <Filter>02. Object\05. MapObject</Filter>
    </ClCompile>
    <ClCompile Include="Object\DeathSide.cpp">
      <Filter>02. Object\03. Bullet</Filter>
    </ClCompile>
    <ClCompile Include="Animation\DeathSideAnimation.cpp">
      <Filter>05. Animation\01. Player</Filter>
    </ClCompile>
    <ClCompile Include="Object\LowerClassBook.cpp">
      <Filter>02. Object\02. Monster</Filter>
    </ClCompile>
    <ClCompile Include="Object\Monster.cpp">
      <Filter>02. Object\02. Monster</Filter>
    </ClCompile>
    <ClCompile Include="Object\OnionMonster.cpp">
      <Filter>02. Object\02. Monster</Filter>
    </ClCompile>
    <ClCompile Include="Object\RadishMonster.cpp">
      <Filter>02. Object\02. Monster</Filter>
    </ClCompile>
    <ClCompile Include="Object\DeathSideHitEffect.cpp">
      <Filter>02. Object</Filter>
    </ClCompile>
    <ClCompile Include="Widget\StatWindow.cpp">
      <Filter>03. UI\02. InGame</Filter>
    </ClCompile>
    <ClCompile Include="Object\Tomb.cpp">
      <Filter>02. Object</Filter>
    </ClCompile>
    <ClCompile Include="Widget\DyingNoticeWindow.cpp">
      <Filter>03. UI\02. InGame</Filter>
    </ClCompile>
    <ClCompile Include="Object\NPCAdobis.cpp">
      <Filter>02. Object\07. NPC</Filter>
    </ClCompile>
    <ClCompile Include="Widget\NPCName.cpp">
      <Filter>03. UI\02. InGame</Filter>
    </ClCompile>
    <ClCompile Include="Scene\ZakumAltarScene.cpp">
      <Filter>01. SceneMode</Filter>
    </ClCompile>
    <ClCompile Include="Object\ZakumAltarFlowingVolcano.cpp">
      <Filter>02. Object\05. MapObject\04. ZakumAltar</Filter>
    </ClCompile>
    <ClCompile Include="Object\ZakumBody.cpp">
      <Filter>02. Object\02. Monster</Filter>
    </ClCompile>
    <ClCompile Include="Animation\ZakumBodyAnimation.cpp">
      <Filter>05. Animation\02. Monster</Filter>
    </ClCompile>
    <ClCompile Include="Animation\ZakumHandAnimation.cpp">
      <Filter>05. Animation\02. Monster</Filter>
    </ClCompile>
    <ClCompile Include="Object\ZakumAttackWarningSpot.cpp">
      <Filter>02. Object</Filter>
    </ClCompile>
    <ClCompile Include="Object\ZakumDustEffect.cpp">
      <Filter>02. Object</Filter>
    </ClCompile>
    <ClCompile Include="Object\ZakumHandSmashLight.cpp">
      <Filter>02. Object</Filter>
    </ClCompile>
    <ClCompile Include="Object\ZakumFogEffect.cpp">
      <Filter>02. Object</Filter>
    </ClCompile>
    <ClCompile Include="Object\ZakumFlame.cpp">
      <Filter>02. Object\02. Monster</Filter>
    </ClCompile>
    <ClCompile Include="Animation\ZakumFlameAnimation.cpp">
      <Filter>05. Animation\02. Monster</Filter>
    </ClCompile>
    <ClCompile Include="Object\ClapWarning.cpp">
      <Filter>02. Object</Filter>
    </ClCompile>
    <ClCompile Include="Object\ZakumClapLightEffect.cpp">
      <Filter>02. Object</Filter>
    </ClCompile>
    <ClCompile Include="Object\ZakumClapCircleShockWave.cpp">
      <Filter>02. Object</Filter>
    </ClCompile>
    <ClCompile Include="Object\ZakumClapSmallCircleShockWave.cpp">
      <Filter>02. Object</Filter>
    </ClCompile>
    <ClCompile Include="Object\ZakumClapPinkShockWave.cpp">
      <Filter>02. Object</Filter>
    </ClCompile>
    <ClCompile Include="Widget\BossInfoWindow.cpp">
      <Filter>03. UI\02. InGame</Filter>
    </ClCompile>
    <ClCompile Include="Object\NPCAmon.cpp">
      <Filter>02. Object\07. NPC</Filter>
    </ClCompile>
    <ClCompile Include="Widget\AdobisDialog.cpp">
      <Filter>03. UI\02. InGame</Filter>
    </ClCompile>
    <ClCompile Include="Widget\AmonDialog.cpp">
      <Filter>03. UI\02. InGame</Filter>
    </ClCompile>
    <ClCompile Include="Object\Bill.cpp">
      <Filter>02. Object\08. DropItem</Filter>
    </ClCompile>
    <ClCompile Include="Object\ItemRadish.cpp">
      <Filter>02. Object\08. DropItem</Filter>
    </ClCompile>
    <ClCompile Include="Object\ItemOnion.cpp">
      <Filter>02. Object\08. DropItem</Filter>
    </ClCompile>
    <ClCompile Include="Widget\PlayerName.cpp">
      <Filter>03. UI\02. InGame</Filter>
    </ClCompile>
    <ClCompile Include="Widget\ToolTip.cpp">
      <Filter>03. UI\02. InGame</Filter>
    </ClCompile>
    <ClCompile Include="Widget\SkillPointWindow.cpp">
      <Filter>03. UI\02. InGame</Filter>
    </ClCompile>
  </ItemGroup>
  <ItemGroup>
    <ClInclude Include="resource.h">
      <Filter>헤더 파일</Filter>
    </ClInclude>
    <ClInclude Include="Object\Player2D.h">
      <Filter>02. Object\01. Player</Filter>
    </ClInclude>
    <ClInclude Include="ClientManager.h">
      <Filter>헤더 파일</Filter>
    </ClInclude>
    <ClInclude Include="Object\Stage.h">
      <Filter>02. Object\04. Stage</Filter>
    </ClInclude>
    <ClInclude Include="Object\StaticMapObj.h">
      <Filter>02. Object\05. MapObject</Filter>
    </ClInclude>
    <ClInclude Include="Component\DragCollider.h">
      <Filter>04. Component</Filter>
    </ClInclude>
    <ClInclude Include="Object\Portal.h">
      <Filter>02. Object\05. MapObject</Filter>
    </ClInclude>
    <ClInclude Include="Widget\MouseNormal.h">
      <Filter>03. UI\01. Mouse</Filter>
    </ClInclude>
    <ClInclude Include="Widget\MouseCatch.h">
      <Filter>03. UI\01. Mouse</Filter>
    </ClInclude>
    <ClInclude Include="Widget\CharacterStatusWindow.h">
      <Filter>03. UI\02. InGame</Filter>
    </ClInclude>
    <ClInclude Include="Widget\CharacterEXP.h">
      <Filter>03. UI\02. InGame</Filter>
    </ClInclude>
    <ClInclude Include="Scene\StartScene.h">
      <Filter>01. SceneMode</Filter>
    </ClInclude>
    <ClInclude Include="Scene\LoadingThread.h">
      <Filter>01. SceneMode</Filter>
    </ClInclude>
    <ClInclude Include="Client.h">
      <Filter>헤더 파일</Filter>
    </ClInclude>
    <ClInclude Include="Widget\Inventory.h">
      <Filter>03. UI\02. InGame</Filter>
    </ClInclude>
    <ClInclude Include="Widget\ConfigurationWindow.h">
      <Filter>03. UI\02. InGame</Filter>
    </ClInclude>
    <ClInclude Include="Widget\StartWidget.h">
      <Filter>03. UI\03. CharacterSelect</Filter>
    </ClInclude>
    <ClInclude Include="Widget\CharacterSelectInfoWidget.h">
      <Filter>03. UI\03. CharacterSelect</Filter>
    </ClInclude>
    <ClInclude Include="Object\BlinkTree.h">
      <Filter>02. Object\05. MapObject</Filter>
    </ClInclude>
    <ClInclude Include="Object\Butterfly.h">
      <Filter>02. Object\05. MapObject</Filter>
    </ClInclude>
    <ClInclude Include="Object\DoubleHelixBlinkTree.h">
      <Filter>02. Object\05. MapObject</Filter>
    </ClInclude>
    <ClInclude Include="Object\LampLight.h">
      <Filter>02. Object\05. MapObject</Filter>
    </ClInclude>
    <ClInclude Include="Widget\SkillQuickSlotWindow.h">
      <Filter>03. UI\02. InGame</Filter>
    </ClInclude>
    <ClInclude Include="Widget\MouseClick.h">
      <Filter>03. UI\01. Mouse</Filter>
    </ClInclude>
    <ClInclude Include="Scene\LobbyScene.h">
      <Filter>01. SceneMode</Filter>
    </ClInclude>
    <ClInclude Include="Object\LobbyBigLamp.h">
      <Filter>02. Object\05. MapObject\01. Lobby</Filter>
    </ClInclude>
    <ClInclude Include="Object\LobbySmallLamp.h">
      <Filter>02. Object\05. MapObject\01. Lobby</Filter>
    </ClInclude>
    <ClInclude Include="Scene\OnionScene.h">
      <Filter>01. SceneMode</Filter>
    </ClInclude>
    <ClInclude Include="Object\SylphideLancer.h">
      <Filter>02. Object\03. Bullet</Filter>
    </ClInclude>
    <ClInclude Include="Widget\DamageFont.h">
      <Filter>03. UI</Filter>
    </ClInclude>
    <ClInclude Include="Widget\BossMatching.h">
      <Filter>03. UI\02. InGame</Filter>
    </ClInclude>
    <ClInclude Include="Scene\WayToZakumScene.h">
      <Filter>01. SceneMode</Filter>
    </ClInclude>
    <ClInclude Include="Object\FlowingVolcano.h">
      <Filter>02. Object\05. MapObject\02. WayToZakum</Filter>
    </ClInclude>
    <ClInclude Include="Object\VoidPressure.h">
      <Filter>02. Object\03. Bullet</Filter>
    </ClInclude>
    <ClInclude Include="Object\VoidPressureOrb.h">
      <Filter>02. Object\03. Bullet</Filter>
    </ClInclude>
    <ClInclude Include="Object\PlayerAnimation2D.h">
      <Filter>05. Animation\01. Player</Filter>
    </ClInclude>
    <ClInclude Include="Animation\PlayerOrb.h">
      <Filter>05. Animation\01. Player</Filter>
    </ClInclude>
    <ClInclude Include="Animation\PlayerSkillBodyEffect.h">
      <Filter>05. Animation\01. Player</Filter>
    </ClInclude>
    <ClInclude Include="Animation\SylphideLancerMirrorAnimation.h">
      <Filter>05. Animation\01. Player</Filter>
    </ClInclude>
    <ClInclude Include="Animation\VoidPressureAttackSphere.h">
      <Filter>05. Animation\01. Player</Filter>
    </ClInclude>
    <ClInclude Include="Animation\VoidPressureOrbAnimation.h">
      <Filter>05. Animation\01. Player</Filter>
    </ClInclude>
    <ClInclude Include="Object\VoidPressureHitEffect.h">
      <Filter>02. Object</Filter>
    </ClInclude>
    <ClInclude Include="Object\SylphideLancerHitEffect.h">
      <Filter>02. Object</Filter>
    </ClInclude>
    <ClInclude Include="Object\PlayerSkillInfo.h">
      <Filter>02. Object</Filter>
    </ClInclude>
    <ClInclude Include="Object\VerticalLampLight.h">
      <Filter>02. Object\05. MapObject\03. Library2nd</Filter>
    </ClInclude>
    <ClInclude Include="Scene\Library2ndScene.h">
      <Filter>01. SceneMode</Filter>
    </ClInclude>
    <ClInclude Include="Animation\OnionMonsterAnimation.h">
      <Filter>05. Animation\02. Monster</Filter>
    </ClInclude>
    <ClInclude Include="Object\TileObject.h">
      <Filter>02. Object\06. TileMap</Filter>
    </ClInclude>
    <ClInclude Include="Widget\PlayerDamageFont.h">
      <Filter>03. UI</Filter>
    </ClInclude>
    <ClInclude Include="Object\LopeTileObject.h">
      <Filter>02. Object\06. TileMap</Filter>
    </ClInclude>
    <ClInclude Include="Animation\LowerClassBookAnimation.h">
      <Filter>05. Animation\02. Monster</Filter>
    </ClInclude>
    <ClInclude Include="Animation\RadishMonsterAnimation.h">
      <Filter>05. Animation\02. Monster</Filter>
    </ClInclude>
    <ClInclude Include="Scene\RadishScene.h">
      <Filter>01. SceneMode</Filter>
    </ClInclude>
    <ClInclude Include="Object\SingleHelixBlinkTree.h">
      <Filter>02. Object\05. MapObject</Filter>
    </ClInclude>
    <ClInclude Include="Object\DeathSide.h">
      <Filter>02. Object\03. Bullet</Filter>
    </ClInclude>
    <ClInclude Include="Animation\DeathSideAnimation.h">
      <Filter>05. Animation\01. Player</Filter>
    </ClInclude>
    <ClInclude Include="Object\LowerClassBook.h">
      <Filter>02. Object\02. Monster</Filter>
    </ClInclude>
    <ClInclude Include="Object\Monster.h">
      <Filter>02. Object\02. Monster</Filter>
    </ClInclude>
    <ClInclude Include="Object\OnionMonster.h">
      <Filter>02. Object\02. Monster</Filter>
    </ClInclude>
    <ClInclude Include="Object\RadishMonster.h">
      <Filter>02. Object\02. Monster</Filter>
    </ClInclude>
    <ClInclude Include="Object\DeathSideHitEffect.h">
      <Filter>02. Object</Filter>
    </ClInclude>
    <ClInclude Include="Widget\StatWindow.h">
      <Filter>03. UI\02. InGame</Filter>
    </ClInclude>
    <ClInclude Include="Object\Tomb.h">
      <Filter>02. Object</Filter>
    </ClInclude>
    <ClInclude Include="Widget\DyingNoticeWindow.h">
      <Filter>03. UI\02. InGame</Filter>
    </ClInclude>
    <ClInclude Include="Object\NPCAdobis.h">
      <Filter>02. Object\07. NPC</Filter>
    </ClInclude>
    <ClInclude Include="Widget\NPCName.h">
      <Filter>03. UI\02. InGame</Filter>
    </ClInclude>
    <ClInclude Include="Scene\ZakumAltarScene.h">
      <Filter>01. SceneMode</Filter>
    </ClInclude>
    <ClInclude Include="Object\ZakumAltarFlowingVolcano.h">
      <Filter>02. Object\05. MapObject\04. ZakumAltar</Filter>
    </ClInclude>
    <ClInclude Include="Object\ZakumBody.h">
      <Filter>02. Object\02. Monster</Filter>
    </ClInclude>
    <ClInclude Include="Animation\ZakumBodyAnimation.h">
      <Filter>05. Animation\02. Monster</Filter>
    </ClInclude>
    <ClInclude Include="Animation\ZakumHandAnimation.h">
      <Filter>05. Animation\02. Monster</Filter>
    </ClInclude>
    <ClInclude Include="Object\ZakumAttackWarningSpot.h">
      <Filter>02. Object</Filter>
    </ClInclude>
    <ClInclude Include="Object\ZakumDustEffect.h">
      <Filter>02. Object</Filter>
    </ClInclude>
    <ClInclude Include="Object\ZakumHandSmashLight.h">
      <Filter>02. Object</Filter>
    </ClInclude>
    <ClInclude Include="Object\ZakumFogEffect.h">
      <Filter>02. Object</Filter>
    </ClInclude>
    <ClInclude Include="Object\ZakumFlame.h">
      <Filter>02. Object\02. Monster</Filter>
    </ClInclude>
    <ClInclude Include="Animation\ZakumFlameAnimation.h">
      <Filter>05. Animation\02. Monster</Filter>
    </ClInclude>
    <ClInclude Include="Object\ClapWarning.h">
      <Filter>02. Object</Filter>
    </ClInclude>
    <ClInclude Include="Object\ZakumClapLightEffect.h">
      <Filter>02. Object</Filter>
    </ClInclude>
    <ClInclude Include="Object\ZakumClapCircleShockWave.h">
      <Filter>02. Object</Filter>
    </ClInclude>
    <ClInclude Include="Object\ZakumClapSmallCircleShockWave.h">
      <Filter>02. Object</Filter>
    </ClInclude>
    <ClInclude Include="Object\ZakumClapPinkShockWave.h">
      <Filter>02. Object</Filter>
    </ClInclude>
    <ClInclude Include="Widget\BossInfoWindow.h">
      <Filter>03. UI\02. InGame</Filter>
    </ClInclude>
    <ClInclude Include="Object\NPCAmon.h">
      <Filter>02. Object\07. NPC</Filter>
    </ClInclude>
    <ClInclude Include="Widget\AdobisDialog.h">
      <Filter>03. UI\02. InGame</Filter>
    </ClInclude>
    <ClInclude Include="Widget\AmonDialog.h">
      <Filter>03. UI\02. InGame</Filter>
    </ClInclude>
    <ClInclude Include="Object\Bill.h">
      <Filter>02. Object\08. DropItem</Filter>
    </ClInclude>
    <ClInclude Include="Object\ItemRadish.h">
      <Filter>02. Object\08. DropItem</Filter>
    </ClInclude>
    <ClInclude Include="Object\ItemOnion.h">
      <Filter>02. Object\08. DropItem</Filter>
    </ClInclude>
    <ClInclude Include="Widget\PlayerName.h">
      <Filter>03. UI\02. InGame</Filter>
    </ClInclude>
    <ClInclude Include="Widget\ToolTip.h">
      <Filter>03. UI\02. InGame</Filter>
    </ClInclude>
    <ClInclude Include="Widget\SkillPointWindow.h">
      <Filter>03. UI\02. InGame</Filter>
    </ClInclude>
  </ItemGroup>
  <ItemGroup>
    <Image Include="icon1.ico">
      <Filter>리소스 파일</Filter>
    </Image>
  </ItemGroup>
  <ItemGroup>
    <ResourceCompile Include="MapleStoryClient2D.rc">
      <Filter>리소스 파일</Filter>
    </ResourceCompile>
  </ItemGroup>
</Project>