<?xml version="1.0" encoding="utf-8"?>
<Project ToolsVersion="4.0" xmlns="http://schemas.microsoft.com/developer/msbuild/2003">
  <ItemGroup>
    <Filter Include="소스 파일">
      <UniqueIdentifier>{4FC737F1-C7A5-4376-A066-2A32D752A2FF}</UniqueIdentifier>
      <Extensions>cpp;c;cc;cxx;c++;cppm;ixx;def;odl;idl;hpj;bat;asm;asmx</Extensions>
    </Filter>
    <Filter Include="헤더 파일">
      <UniqueIdentifier>{93995380-89BD-4b04-88EB-625FBE52EBFB}</UniqueIdentifier>
      <Extensions>h;hh;hpp;hxx;h++;hm;inl;inc;ipp;xsd</Extensions>
    </Filter>
    <Filter Include="리소스 파일">
      <UniqueIdentifier>{67DA6AB6-F800-4c08-8B7A-83BB121AAD01}</UniqueIdentifier>
      <Extensions>rc;ico;cur;bmp;dlg;rc2;rct;bin;rgs;gif;jpg;jpeg;jpe;resx;tiff;tif;png;wav;mfcribbon-ms</Extensions>
    </Filter>
    <Filter Include="01. Scene">
      <UniqueIdentifier>{38f3a722-9e22-4175-ba25-c62bfc3d6706}</UniqueIdentifier>
    </Filter>
    <Filter Include="02. Editor">
      <UniqueIdentifier>{f2d8bfd2-04a4-4d0f-b8f7-d5c9f2bafb4b}</UniqueIdentifier>
    </Filter>
    <Filter Include="03. Object">
      <UniqueIdentifier>{36585969-a747-4dd0-9e80-4cb218ec098b}</UniqueIdentifier>
    </Filter>
    <Filter Include="03. Object\01. Player">
      <UniqueIdentifier>{51cb5dbb-a665-4306-a1af-a336c587241d}</UniqueIdentifier>
    </Filter>
    <Filter Include="03. Object\02. Skill">
      <UniqueIdentifier>{37aa73cc-79e6-41b8-a9cf-5f5c589aedc8}</UniqueIdentifier>
    </Filter>
    <Filter Include="03. Object\03. Monster">
      <UniqueIdentifier>{b406a78d-d886-4d62-807a-700247bcf21c}</UniqueIdentifier>
    </Filter>
    <Filter Include="03. Object\04. MapObject">
      <UniqueIdentifier>{44ba97b3-281c-41a0-a48d-2baa0c7d4e69}</UniqueIdentifier>
    </Filter>
    <Filter Include="03. Object\05. Stage">
      <UniqueIdentifier>{66c56ca2-7fbd-4a01-9fd1-be4f66ed84b1}</UniqueIdentifier>
    </Filter>
    <Filter Include="04. Collider">
      <UniqueIdentifier>{f71cce16-ae9f-4a24-90f9-9cfc087a83d3}</UniqueIdentifier>
    </Filter>
    <Filter Include="05. UI">
      <UniqueIdentifier>{d1423fd7-fa26-410e-983f-2ad97bc28891}</UniqueIdentifier>
    </Filter>
    <Filter Include="03. Object\04. MapObject\01. Lobby">
      <UniqueIdentifier>{f4b83a88-c910-4d2e-abdc-9493c960bb60}</UniqueIdentifier>
    </Filter>
    <Filter Include="03. Object\04. MapObject\02. OnionMap">
      <UniqueIdentifier>{c688ad9c-6a4e-4609-86f8-bcba9c25d7c4}</UniqueIdentifier>
    </Filter>
  </ItemGroup>
  <ItemGroup>
    <ClCompile Include="Scene\DefaultScene.cpp">
      <Filter>01. Scene</Filter>
    </ClCompile>
    <ClCompile Include="Window\SpriteWindow.cpp">
      <Filter>02. Editor</Filter>
    </ClCompile>
    <ClCompile Include="Window\ObjectHierarchy.cpp">
      <Filter>02. Editor</Filter>
    </ClCompile>
    <ClCompile Include="Window\EditorMenu.cpp">
      <Filter>02. Editor</Filter>
    </ClCompile>
    <ClCompile Include="Window\DetailWindow.cpp">
      <Filter>02. Editor</Filter>
    </ClCompile>
    <ClCompile Include="Object\SpriteEditObject.cpp">
      <Filter>03. Object</Filter>
    </ClCompile>
    <ClCompile Include="EditorManager.cpp">
      <Filter>소스 파일</Filter>
    </ClCompile>
    <ClCompile Include="Object\DragObject.cpp">
      <Filter>03. Object</Filter>
    </ClCompile>
    <ClCompile Include="Window\ConfigurationWindow.cpp">
      <Filter>02. Editor</Filter>
    </ClCompile>
    <ClCompile Include="Object\Pivot.cpp">
      <Filter>03. Object</Filter>
    </ClCompile>
    <ClCompile Include="main.cpp">
      <Filter>소스 파일</Filter>
    </ClCompile>
    <ClCompile Include="Object\Player2D.cpp">
      <Filter>03. Object\01. Player</Filter>
    </ClCompile>
    <ClCompile Include="Object\MonsterRadish.cpp">
      <Filter>03. Object\03. Monster</Filter>
    </ClCompile>
    <ClCompile Include="Object\PlayerSkillSet.cpp">
      <Filter>03. Object\02. Skill</Filter>
    </ClCompile>
    <ClCompile Include="Object\Portal.cpp">
      <Filter>03. Object\04. MapObject</Filter>
    </ClCompile>
    <ClCompile Include="Object\MonsterOnion.cpp">
      <Filter>03. Object\03. Monster</Filter>
    </ClCompile>
    <ClCompile Include="Object\BlinkTree.cpp">
      <Filter>03. Object\04. MapObject</Filter>
    </ClCompile>
    <ClCompile Include="Object\Butterfly.cpp">
      <Filter>03. Object\04. MapObject</Filter>
    </ClCompile>
    <ClCompile Include="Object\DoubleHelixBlinkTree.cpp">
      <Filter>03. Object\04. MapObject</Filter>
    </ClCompile>
    <ClCompile Include="Object\SingleHelixBlinkTree.cpp">
      <Filter>03. Object\04. MapObject</Filter>
    </ClCompile>
    <ClCompile Include="Object\LowerClassBook.cpp">
      <Filter>03. Object\03. Monster</Filter>
    </ClCompile>
    <ClCompile Include="Object\StaticMapObj.cpp">
      <Filter>03. Object\04. MapObject</Filter>
    </ClCompile>
    <ClCompile Include="Object\Stage.cpp">
      <Filter>03. Object\05. Stage</Filter>
    </ClCompile>
    <ClCompile Include="Component\DragCollider.cpp">
      <Filter>04. Collider</Filter>
    </ClCompile>
    <ClCompile Include="Object\CharacterSelectBackLight.cpp">
      <Filter>05. UI</Filter>
    </ClCompile>
    <ClCompile Include="Object\Library2ndButterfly.cpp">
      <Filter>03. Object\04. MapObject</Filter>
    </ClCompile>
    <ClCompile Include="Object\Library2ndLampLight.cpp">
      <Filter>03. Object\04. MapObject</Filter>
    </ClCompile>
    <ClCompile Include="Object\LobbyBigLamp.cpp">
      <Filter>03. Object\04. MapObject\01. Lobby</Filter>
    </ClCompile>
    <ClCompile Include="Object\LobbySmallLamp.cpp">
      <Filter>03. Object\04. MapObject\01. Lobby</Filter>
    </ClCompile>
    <ClCompile Include="Object\LampLight.cpp">
      <Filter>03. Object\04. MapObject\02. OnionMap</Filter>
    </ClCompile>
  </ItemGroup>
  <ItemGroup>
    <ClInclude Include="Scene\DefaultScene.h">
      <Filter>01. Scene</Filter>
    </ClInclude>
    <ClInclude Include="Window\SpriteWindow.h">
      <Filter>02. Editor</Filter>
    </ClInclude>
    <ClInclude Include="Window\ObjectHierarchy.h">
      <Filter>02. Editor</Filter>
    </ClInclude>
    <ClInclude Include="Window\EditorMenu.h">
      <Filter>02. Editor</Filter>
    </ClInclude>
    <ClInclude Include="Window\DetailWindow.h">
      <Filter>02. Editor</Filter>
    </ClInclude>
    <ClInclude Include="Object\SpriteEditObject.h">
      <Filter>03. Object</Filter>
    </ClInclude>
    <ClInclude Include="resource.h">
      <Filter>헤더 파일</Filter>
    </ClInclude>
    <ClInclude Include="EditorManager.h">
      <Filter>헤더 파일</Filter>
    </ClInclude>
    <ClInclude Include="EditorInfo.h">
      <Filter>헤더 파일</Filter>
    </ClInclude>
    <ClInclude Include="Object\DragObject.h">
      <Filter>03. Object</Filter>
    </ClInclude>
    <ClInclude Include="Window\ConfigurationWindow.h">
      <Filter>02. Editor</Filter>
    </ClInclude>
    <ClInclude Include="Object\Pivot.h">
      <Filter>03. Object</Filter>
    </ClInclude>
    <ClInclude Include="Object\Player2D.h">
      <Filter>03. Object\01. Player</Filter>
    </ClInclude>
    <ClInclude Include="Object\MonsterRadish.h">
      <Filter>03. Object\03. Monster</Filter>
    </ClInclude>
    <ClInclude Include="Object\PlayerSkillSet.h">
      <Filter>03. Object\02. Skill</Filter>
    </ClInclude>
    <ClInclude Include="Object\Portal.h">
      <Filter>03. Object\04. MapObject</Filter>
    </ClInclude>
    <ClInclude Include="Object\MonsterOnion.h">
      <Filter>03. Object\03. Monster</Filter>
    </ClInclude>
    <ClInclude Include="Object\BlinkTree.h">
      <Filter>03. Object\04. MapObject</Filter>
    </ClInclude>
    <ClInclude Include="Object\Butterfly.h">
      <Filter>03. Object\04. MapObject</Filter>
    </ClInclude>
    <ClInclude Include="Object\DoubleHelixBlinkTree.h">
      <Filter>03. Object\04. MapObject</Filter>
    </ClInclude>
    <ClInclude Include="Object\SingleHelixBlinkTree.h">
      <Filter>03. Object\04. MapObject</Filter>
    </ClInclude>
    <ClInclude Include="Object\LowerClassBook.h">
      <Filter>03. Object\03. Monster</Filter>
    </ClInclude>
    <ClInclude Include="Object\StaticMapObj.h">
      <Filter>03. Object\04. MapObject</Filter>
    </ClInclude>
    <ClInclude Include="Object\Stage.h">
      <Filter>03. Object\05. Stage</Filter>
    </ClInclude>
    <ClInclude Include="Component\DragCollider.h">
      <Filter>04. Collider</Filter>
    </ClInclude>
    <ClInclude Include="Object\CharacterSelectBackLight.h">
      <Filter>05. UI</Filter>
    </ClInclude>
    <ClInclude Include="Object\Library2ndButterfly.h">
      <Filter>03. Object\04. MapObject</Filter>
    </ClInclude>
    <ClInclude Include="Object\Library2ndLampLight.h">
      <Filter>03. Object\04. MapObject</Filter>
    </ClInclude>
    <ClInclude Include="ObjectSet.h">
      <Filter>헤더 파일</Filter>
    </ClInclude>
    <ClInclude Include="Object\LobbyBigLamp.h">
      <Filter>03. Object\04. MapObject\01. Lobby</Filter>
    </ClInclude>
    <ClInclude Include="Object\LobbySmallLamp.h">
      <Filter>03. Object\04. MapObject\01. Lobby</Filter>
    </ClInclude>
    <ClInclude Include="Object\LampLight.h">
      <Filter>03. Object\04. MapObject\02. OnionMap</Filter>
    </ClInclude>
  </ItemGroup>
  <ItemGroup>
    <ResourceCompile Include="MapleStoryEditor.rc">
      <Filter>리소스 파일</Filter>
    </ResourceCompile>
  </ItemGroup>
  <ItemGroup>
    <Image Include="icon1.ico">
      <Filter>리소스 파일</Filter>
    </Image>
    <Image Include="MapleIcon.ico">
      <Filter>리소스 파일</Filter>
    </Image>
  </ItemGroup>
</Project>